
Microsoft Visual Studio Solution File, Format Version 12.00
Project("{2150E333-8FDC-42A3-9474-1A3956D46DE8}") = "Core", "Core", "{F6A8422B-3523-4518-9F55-90576756030B}"
EndProject
Project("{2150E333-8FDC-42A3-9474-1A3956D46DE8}") = "Frontend", "Frontend", "{43805CB8-995A-4E07-8FF7-7014F06607CA}"
EndProject
Project("{2150E333-8FDC-42A3-9474-1A3956D46DE8}") = "Presentation", "Presentation", "{1E1D7591-6CE4-4CF2-A5E8-74D06FC9A39A}"
EndProject
Project("{2150E333-8FDC-42A3-9474-1A3956D46DE8}") = "Infrastructure", "Infrastructure", "{290A8EE4-E2C8-4AE3-9B69-3E0050AB60BE}"
EndProject
Project("{FAE04EC0-301F-11D3-BF4B-00C04F79EFBC}") = "WebApi", "Presentation\WebApi\WebApi.csproj", "{FA609A05-E9B1-443C-891A-9458E290C7AE}"
EndProject
Project("{FAE04EC0-301F-11D3-BF4B-00C04F79EFBC}") = "Frontend", "Frontend\Frontend\Frontend.csproj", "{B6283B1A-F99B-464D-802C-AFF0A4C961FB}"
EndProject
Project("{FAE04EC0-301F-11D3-BF4B-00C04F79EFBC}") = "Domain", "Core\Domain\Domain.csproj", "{B83FBCE5-F9FE-44CF-B9B4-192CF5CBF344}"
EndProject
Project("{FAE04EC0-301F-11D3-BF4B-00C04F79EFBC}") = "Application", "Core\Application\Application.csproj", "{547FEA98-1228-409D-ACD8-F8E6B443A81B}"
EndProject
Project("{FAE04EC0-301F-11D3-BF4B-00C04F79EFBC}") = "Persistance", "Infrastructure\Persistance\Persistance.csproj", "{C1926F06-68A1-4D0E-8D4B-996549A3B866}"
EndProject
Global
	GlobalSection(SolutionConfigurationPlatforms) = preSolution
		Debug|Any CPU = Debug|Any CPU
		Release|Any CPU = Release|Any CPU
	EndGlobalSection
	GlobalSection(ProjectConfigurationPlatforms) = postSolution
		{FA609A05-E9B1-443C-891A-9458E290C7AE}.Debug|Any CPU.ActiveCfg = Debug|Any CPU
		{FA609A05-E9B1-443C-891A-9458E290C7AE}.Debug|Any CPU.Build.0 = Debug|Any CPU
		{FA609A05-E9B1-443C-891A-9458E290C7AE}.Release|Any CPU.ActiveCfg = Release|Any CPU
		{FA609A05-E9B1-443C-891A-9458E290C7AE}.Release|Any CPU.Build.0 = Release|Any CPU
		{B6283B1A-F99B-464D-802C-AFF0A4C961FB}.Debug|Any CPU.ActiveCfg = Debug|Any CPU
		{B6283B1A-F99B-464D-802C-AFF0A4C961FB}.Debug|Any CPU.Build.0 = Debug|Any CPU
		{B6283B1A-F99B-464D-802C-AFF0A4C961FB}.Release|Any CPU.ActiveCfg = Release|Any CPU
		{B6283B1A-F99B-464D-802C-AFF0A4C961FB}.Release|Any CPU.Build.0 = Release|Any CPU
		{B83FBCE5-F9FE-44CF-B9B4-192CF5CBF344}.Debug|Any CPU.ActiveCfg = Debug|Any CPU
		{B83FBCE5-F9FE-44CF-B9B4-192CF5CBF344}.Debug|Any CPU.Build.0 = Debug|Any CPU
		{B83FBCE5-F9FE-44CF-B9B4-192CF5CBF344}.Release|Any CPU.ActiveCfg = Release|Any CPU
		{B83FBCE5-F9FE-44CF-B9B4-192CF5CBF344}.Release|Any CPU.Build.0 = Release|Any CPU
		{547FEA98-1228-409D-ACD8-F8E6B443A81B}.Debug|Any CPU.ActiveCfg = Debug|Any CPU
		{547FEA98-1228-409D-ACD8-F8E6B443A81B}.Debug|Any CPU.Build.0 = Debug|Any CPU
		{547FEA98-1228-409D-ACD8-F8E6B443A81B}.Release|Any CPU.ActiveCfg = Release|Any CPU
		{547FEA98-1228-409D-ACD8-F8E6B443A81B}.Release|Any CPU.Build.0 = Release|Any CPU
		{C1926F06-68A1-4D0E-8D4B-996549A3B866}.Debug|Any CPU.ActiveCfg = Debug|Any CPU
		{C1926F06-68A1-4D0E-8D4B-996549A3B866}.Debug|Any CPU.Build.0 = Debug|Any CPU
		{C1926F06-68A1-4D0E-8D4B-996549A3B866}.Release|Any CPU.ActiveCfg = Release|Any CPU
		{C1926F06-68A1-4D0E-8D4B-996549A3B866}.Release|Any CPU.Build.0 = Release|Any CPU
	EndGlobalSection
	GlobalSection(NestedProjects) = preSolution
		{FA609A05-E9B1-443C-891A-9458E290C7AE} = {1E1D7591-6CE4-4CF2-A5E8-74D06FC9A39A}
		{B6283B1A-F99B-464D-802C-AFF0A4C961FB} = {43805CB8-995A-4E07-8FF7-7014F06607CA}
		{B83FBCE5-F9FE-44CF-B9B4-192CF5CBF344} = {F6A8422B-3523-4518-9F55-90576756030B}
		{547FEA98-1228-409D-ACD8-F8E6B443A81B} = {F6A8422B-3523-4518-9F55-90576756030B}
		{C1926F06-68A1-4D0E-8D4B-996549A3B866} = {290A8EE4-E2C8-4AE3-9B69-3E0050AB60BE}
	EndGlobalSection
EndGlobal
